
Microsoft Visual Studio Solution File, Format Version 12.00
# Visual Studio Version 16
VisualStudioVersion = 16.0.32630.194
MinimumVisualStudioVersion = 10.0.40219.1
Project("{F184B08F-C81C-45F6-A57F-5ABD9991F28F}") = "DG_DGMW", "DG_DGMW.vbproj", "{61C729C6-64A0-4CB4-A0DA-E266D2DF46F0}"
EndProject
Global
	GlobalSection(SolutionConfigurationPlatforms) = preSolution
		Debug|Any CPU = Debug|Any CPU
		Release|Any CPU = Release|Any CPU
	EndGlobalSection
	GlobalSection(ProjectConfigurationPlatforms) = postSolution
		{61C729C6-64A0-4CB4-A0DA-E266D2DF46F0}.Debug|Any CPU.ActiveCfg = Debug|Any CPU
		{61C729C6-64A0-4CB4-A0DA-E266D2DF46F0}.Debug|Any CPU.Build.0 = Debug|Any CPU
		{61C729C6-64A0-4CB4-A0DA-E266D2DF46F0}.Release|Any CPU.ActiveCfg = Release|Any CPU
		{61C729C6-64A0-4CB4-A0DA-E266D2DF46F0}.Release|Any CPU.Build.0 = Release|Any CPU
	EndGlobalSection
	GlobalSection(SolutionProperties) = preSolution
		HideSolutionNode = FALSE
	EndGlobalSection
	GlobalSection(ExtensibilityGlobals) = postSolution
		SolutionGuid = {D6943CA3-24EB-4DAD-BB63-B7A7BC762044}
	EndGlobalSection
EndGlobal
